{
  "requires": true,
  "lockfileVersion": 1,
  "dependencies": {
    "@iota/bundle": {
      "version": "1.0.0-beta.12",
      "resolved": "https://registry.npmjs.org/@iota/bundle/-/bundle-1.0.0-beta.12.tgz",
      "integrity": "sha512-Eb18nWzhXB4chq6Nuaz23xP72F65MlDKpgt6KiZ5Lhkfn6P19UYjfC4FXY3K0Cigij2fC1cX+tdefQprCW/TEw==",
      "requires": {
        "@iota/converter": "^1.0.0-beta.12",
        "@iota/kerl": "^1.0.0-beta.12",
        "@iota/signing": "^1.0.0-beta.12",
        "@iota/transaction": "^1.0.0-beta.12",
        "@types/warning": "^3.0.0",
        "warning": "^4.0.3"
      }
    },
    "@iota/bundle-validator": {
      "version": "1.0.0-beta.12",
      "resolved": "https://registry.npmjs.org/@iota/bundle-validator/-/bundle-validator-1.0.0-beta.12.tgz",
      "integrity": "sha512-Kd48tjQ2UlFTAIkP+u6G0tVwM5RFjdGjx7Fvu3PwC9eINVJHYGEb4sX7N85PIkIwowwZfN5mcmzL3G6dkGJmoA==",
      "requires": {
        "@iota/converter": "^1.0.0-beta.12",
        "@iota/kerl": "^1.0.0-beta.12",
        "@iota/signing": "^1.0.0-beta.12",
        "@iota/transaction": "^1.0.0-beta.12",
        "@iota/transaction-converter": "^1.0.0-beta.12"
      }
    },
    "@iota/checksum": {
      "version": "1.0.0-beta.12",
      "resolved": "https://registry.npmjs.org/@iota/checksum/-/checksum-1.0.0-beta.12.tgz",
      "integrity": "sha512-K2Q3bw4P7HJkPxeNjpulCsq/d3c9w2g+wbwYJxi51a18pnlPpd5AyBam9xfNXo8m/S47mmPuctraexgm+Q0Y1A==",
      "requires": {
        "@iota/converter": "^1.0.0-beta.12",
        "@iota/kerl": "^1.0.0-beta.12"
      }
    },
    "@iota/converter": {
      "version": "1.0.0-beta.12",
      "resolved": "https://registry.npmjs.org/@iota/converter/-/converter-1.0.0-beta.12.tgz",
      "integrity": "sha512-h12Wk72/lCMHOFLE7B6TctMizhGcDQspaYIZlqwQTdij3mPynfTrlyAIJhJw26cf3sNER9sOwR6FgVgSpVYUnQ=="
    },
    "@iota/core": {
      "version": "1.0.0-beta.12",
      "resolved": "https://registry.npmjs.org/@iota/core/-/core-1.0.0-beta.12.tgz",
      "integrity": "sha512-OFJu0SaYrQP+PCFNWx9pvqL6jQwN+DIMt2h5vcEOSlJVIBDyEfDOOiFuMkBgTB7+jF9hDWpg1mtkTrEl9FmLKQ==",
      "requires": {
        "@iota/bundle": "^1.0.0-beta.12",
        "@iota/bundle-validator": "^1.0.0-beta.12",
        "@iota/checksum": "^1.0.0-beta.12",
        "@iota/converter": "^1.0.0-beta.12",
        "@iota/curl": "^1.0.0-beta.12",
        "@iota/http-client": "^1.0.0-beta.12",
        "@iota/kerl": "^1.0.0-beta.12",
        "@iota/pad": "^1.0.0-beta.12",
        "@iota/signing": "^1.0.0-beta.12",
        "@iota/transaction": "^1.0.0-beta.12",
        "@iota/transaction-converter": "^1.0.0-beta.12",
        "bluebird": "^3.5.1"
      }
    },
    "@iota/curl": {
      "version": "1.0.0-beta.12",
      "resolved": "https://registry.npmjs.org/@iota/curl/-/curl-1.0.0-beta.12.tgz",
      "integrity": "sha512-2O6CSBxo+GesW8V4MQobMzIzhmYmPOdhHTcB81cfb4iAXMXY3WlN1IdOjIWzCEkDAUdUX5cpfyjpYDasjxQELg=="
    },
    "@iota/http-client": {
      "version": "1.0.0-beta.12",
      "resolved": "https://registry.npmjs.org/@iota/http-client/-/http-client-1.0.0-beta.12.tgz",
      "integrity": "sha512-FBA23HqMFe/OSim+ouEkVNCPoVIb9sLt2ZtuzvICrrhHYIPiHyZC6QR1cBEmZuQjaY9fXzuBbH20CMpOhL+mtA==",
      "requires": {
        "cross-fetch": "^3.0.0"
      }
    },
    "@iota/kerl": {
      "version": "1.0.0-beta.12",
      "resolved": "https://registry.npmjs.org/@iota/kerl/-/kerl-1.0.0-beta.12.tgz",
      "integrity": "sha512-Af/MxEBvKfkSkrjr87pl4y6qBvHzMGZWTsddBLP3iYJXY+6NW9kHKzO0UEwS/07eiS1y3bKsjP+WFgrnHN8f6Q==",
      "requires": {
        "@types/crypto-js": "^3.1.38",
        "crypto-js": "^3.1.9-1"
      }
    },
    "@iota/mam": {
      "version": "0.7.2",
      "resolved": "https://registry.npmjs.org/@iota/mam/-/mam-0.7.2.tgz",
      "integrity": "sha512-5X4bh3BupSulbULeSNYaqvvOxtV9UkGkYVLPJRshPrh6GNhM0611p9MRswDiHpvWvG7oLAuDXe6mfsTzPTZx0A==",
      "requires": {
        "@iota/converter": "^1.0.0-beta.11",
        "@iota/core": "^1.0.0-beta.11",
        "@iota/curl": "^1.0.0-beta.11"
      }
    },
    "@iota/pad": {
      "version": "1.0.0-beta.12",
      "resolved": "https://registry.npmjs.org/@iota/pad/-/pad-1.0.0-beta.12.tgz",
      "integrity": "sha512-7WdywCvv65kpSrfvAAmof+Q4Qp2hYYazwwdcox7cdEdp5GV2boqzoLogj8z1yWGKSLNjoWGtG3Ii7E94zBRaIQ=="
    },
    "@iota/signing": {
      "version": "1.0.0-beta.12",
      "resolved": "https://registry.npmjs.org/@iota/signing/-/signing-1.0.0-beta.12.tgz",
      "integrity": "sha512-PnT6gkTZQA7T7FuW4+SoUZuCoCTxRq8TRocaooe1JUu2Mj8xtQ/uJqRcWsxMo1qjFS6qkv6ZudJSyfvJfBKhmQ==",
      "requires": {
        "@iota/converter": "^1.0.0-beta.12",
        "@iota/kerl": "^1.0.0-beta.12",
        "@iota/pad": "^1.0.0-beta.12"
      }
    },
    "@iota/transaction": {
      "version": "1.0.0-beta.12",
      "resolved": "https://registry.npmjs.org/@iota/transaction/-/transaction-1.0.0-beta.12.tgz",
      "integrity": "sha512-l+zvo6gJUOk8t6L9HSsYNbeU5mOovR97BwGmhgVrPBs3Qfv58iSsEBrgpHkjJEvTd3GvLYl7V3FiLWpa1Hdcbw==",
      "requires": {
        "@iota/converter": "^1.0.0-beta.12",
        "@iota/curl": "^1.0.0-beta.12",
        "@iota/kerl": "^1.0.0-beta.12",
        "@iota/signing": "^1.0.0-beta.12",
        "@types/warning": "^3.0.0",
        "warning": "^4.0.3"
      }
    },
    "@iota/transaction-converter": {
      "version": "1.0.0-beta.12",
      "resolved": "https://registry.npmjs.org/@iota/transaction-converter/-/transaction-converter-1.0.0-beta.12.tgz",
      "integrity": "sha512-ePkcOmHuzyGwYmYa8+y6ro9sWS1ZRWtiu05odcEavE8vHgWNdHE9N1EaFH1yjjBltYmdZBlP2RFkoH/Hcl2YRQ==",
      "requires": {
        "@iota/converter": "^1.0.0-beta.12",
        "@iota/pad": "^1.0.0-beta.12",
        "@iota/transaction": "^1.0.0-beta.12"
      }
    },
    "@types/crypto-js": {
      "version": "3.1.43",
      "resolved": "https://registry.npmjs.org/@types/crypto-js/-/crypto-js-3.1.43.tgz",
      "integrity": "sha512-EHe/YKctU3IYNBsDmSOPX/7jLHPRlx8WaiDKSY9JCTnJ8XJeM4c0ZJvx+9Gxmr2s2ihI92R+3U/gNL1sq5oRuQ=="
    },
    "@types/node": {
      "version": "10.14.5",
      "resolved": "https://registry.npmjs.org/@types/node/-/node-10.14.5.tgz",
      "integrity": "sha512-Ja7d4s0qyGFxjGeDq5S7Si25OFibSAHUi6i17UWnwNnpitADN7hah9q0Tl25gxuV5R1u2Bx+np6w4LHXfHyj/g=="
    },
    "@types/warning": {
      "version": "3.0.0",
      "resolved": "https://registry.npmjs.org/@types/warning/-/warning-3.0.0.tgz",
      "integrity": "sha1-DSUBJorY+ZYrdA04fEZU9fjiPlI="
    },
    "aes-js": {
      "version": "3.0.0",
      "resolved": "https://registry.npmjs.org/aes-js/-/aes-js-3.0.0.tgz",
      "integrity": "sha1-4h3xCtbCBTKVvLuNq0Cwnb6ofk0="
    },
    "bluebird": {
      "version": "3.5.4",
      "resolved": "https://registry.npmjs.org/bluebird/-/bluebird-3.5.4.tgz",
      "integrity": "sha512-FG+nFEZChJrbQ9tIccIfZJBz3J7mLrAhxakAbnrJWn8d7aKOC+LWifa0G+p4ZqKp4y13T7juYvdhq9NzKdsrjw=="
    },
    "bn.js": {
      "version": "4.11.8",
      "resolved": "https://registry.npmjs.org/bn.js/-/bn.js-4.11.8.tgz",
      "integrity": "sha512-ItfYfPLkWHUjckQCk8xC+LwxgK8NYcXywGigJgSwOP8Y2iyWT4f2vsZnoOXTTbo+o5yXmIUJ4gn5538SO5S3gA=="
    },
    "brorand": {
      "version": "1.1.0",
      "resolved": "https://registry.npmjs.org/brorand/-/brorand-1.1.0.tgz",
      "integrity": "sha1-EsJe/kCkXjwyPrhnWgoM5XsiNx8="
    },
    "cross-fetch": {
      "version": "3.0.2",
      "resolved": "https://registry.npmjs.org/cross-fetch/-/cross-fetch-3.0.2.tgz",
      "integrity": "sha512-a4Z0EJ5Nck6QtMy9ZqloLfpvu2uMV3sBfMCR+CgSBCZc6z5KR4bfEiD3dkepH8iZgJMXQpTqf8FjMmvu/GMFkg==",
      "requires": {
        "node-fetch": "2.3.0",
        "whatwg-fetch": "3.0.0"
      }
    },
    "crypto-js": {
      "version": "3.1.9-1",
      "resolved": "https://registry.npmjs.org/crypto-js/-/crypto-js-3.1.9-1.tgz",
      "integrity": "sha1-/aGedh/Ad+Af+/3G6f38WeiAbNg="
    },
    "elliptic": {
      "version": "6.3.3",
      "resolved": "https://registry.npmjs.org/elliptic/-/elliptic-6.3.3.tgz",
      "integrity": "sha1-VILZZG1UvLif19mU/J4ulWiHbj8=",
      "requires": {
        "bn.js": "^4.4.0",
        "brorand": "^1.0.1",
        "hash.js": "^1.0.0",
        "inherits": "^2.0.1"
      }
    },
    "ethers": {
      "version": "4.0.27",
      "resolved": "https://registry.npmjs.org/ethers/-/ethers-4.0.27.tgz",
      "integrity": "sha512-+DXZLP/tyFnXWxqr2fXLT67KlGUfLuvDkHSOtSC9TUVG9OIj6yrG5JPeXRMYo15xkOYwnjgdMKrXp5V94rtjJA==",
      "requires": {
        "@types/node": "^10.3.2",
        "aes-js": "3.0.0",
        "bn.js": "^4.4.0",
        "elliptic": "6.3.3",
        "hash.js": "1.1.3",
        "js-sha3": "0.5.7",
        "scrypt-js": "2.0.4",
        "setimmediate": "1.0.4",
        "uuid": "2.0.1",
        "xmlhttprequest": "1.8.0"
      }
    },
    "hash.js": {
      "version": "1.1.3",
      "resolved": "https://registry.npmjs.org/hash.js/-/hash.js-1.1.3.tgz",
      "integrity": "sha512-/UETyP0W22QILqS+6HowevwhEFJ3MBJnwTf75Qob9Wz9t0DPuisL8kW8YZMK62dHAKE1c1p+gY1TtOLY+USEHA==",
      "requires": {
        "inherits": "^2.0.3",
        "minimalistic-assert": "^1.0.0"
      }
    },
    "inherits": {
      "version": "2.0.3",
      "resolved": "https://registry.npmjs.org/inherits/-/inherits-2.0.3.tgz",
      "integrity": "sha1-Yzwsg+PaQqUC9SRmAiSA9CCCYd4="
    },
    "js-sha3": {
      "version": "0.5.7",
      "resolved": "https://registry.npmjs.org/js-sha3/-/js-sha3-0.5.7.tgz",
      "integrity": "sha1-DU/9gALVMzqrr0oj7tL2N0yfKOc="
    },
    "js-tokens": {
      "version": "4.0.0",
      "resolved": "https://registry.npmjs.org/js-tokens/-/js-tokens-4.0.0.tgz",
      "integrity": "sha512-RdJUflcE3cUzKiMqQgsCu06FPu9UdIJO0beYbPhHN4k6apgJtifcoCtT9bcxOpYBtpD2kCM6Sbzg4CausW/PKQ=="
    },
    "loose-envify": {
      "version": "1.4.0",
      "resolved": "https://registry.npmjs.org/loose-envify/-/loose-envify-1.4.0.tgz",
      "integrity": "sha512-lyuxPGr/Wfhrlem2CL/UcnUc1zcqKAImBDzukY7Y5F/yQiNdko6+fRLevlw1HgMySw7f611UIY408EtxRSoK3Q==",
      "requires": {
        "js-tokens": "^3.0.0 || ^4.0.0"
      }
    },
    "minimalistic-assert": {
      "version": "1.0.1",
      "resolved": "https://registry.npmjs.org/minimalistic-assert/-/minimalistic-assert-1.0.1.tgz",
      "integrity": "sha512-UtJcAD4yEaGtjPezWuO9wC4nwUnVH/8/Im3yEHQP4b67cXlD/Qr9hdITCU1xDbSEXg2XKNaP8jsReV7vQd00/A=="
    },
    "node-fetch": {
      "version": "2.3.0",
      "resolved": "https://registry.npmjs.org/node-fetch/-/node-fetch-2.3.0.tgz",
      "integrity": "sha512-MOd8pV3fxENbryESLgVIeaGKrdl+uaYhCSSVkjeOb/31/njTpcis5aWfdqgNlHIrKOLRbMnfPINPOML2CIFeXA=="
    },
    "scrypt-js": {
      "version": "2.0.4",
      "resolved": "https://registry.npmjs.org/scrypt-js/-/scrypt-js-2.0.4.tgz",
      "integrity": "sha512-4KsaGcPnuhtCZQCxFxN3GVYIhKFPTdLd8PLC552XwbMndtD0cjRFAhDuuydXQ0h08ZfPgzqe6EKHozpuH74iDw=="
    },
    "seedrandom": {
      "version": "3.0.1",
      "resolved": "https://registry.npmjs.org/seedrandom/-/seedrandom-3.0.1.tgz",
      "integrity": "sha512-1/02Y/rUeU1CJBAGLebiC5Lbo5FnB22gQbIFFYTLkwvp1xdABZJH1sn4ZT1MzXmPpzv+Rf/Lu2NcsLJiK4rcDg=="
    },
    "setimmediate": {
      "version": "1.0.4",
      "resolved": "https://registry.npmjs.org/setimmediate/-/setimmediate-1.0.4.tgz",
      "integrity": "sha1-IOgd5iLUoCWIzgyNqJc8vPHTE48="
    },
    "uuid": {
      "version": "2.0.1",
      "resolved": "https://registry.npmjs.org/uuid/-/uuid-2.0.1.tgz",
      "integrity": "sha1-wqMN7bPlNdcsz4LjQ5QaULqFM6w="
    },
    "warning": {
      "version": "4.0.3",
      "resolved": "https://registry.npmjs.org/warning/-/warning-4.0.3.tgz",
      "integrity": "sha512-rpJyN222KWIvHJ/F53XSZv0Zl/accqHR8et1kpaMTD/fLCRxtV8iX8czMzY7sVZupTI3zcUTg8eycS2kNF9l6w==",
      "requires": {
        "loose-envify": "^1.0.0"
      }
    },
    "whatwg-fetch": {
      "version": "3.0.0",
      "resolved": "https://registry.npmjs.org/whatwg-fetch/-/whatwg-fetch-3.0.0.tgz",
      "integrity": "sha512-9GSJUgz1D4MfyKU7KRqwOjXCXTqWdFNvEr7eUBYchQiVc744mqK/MzXPNR2WsPkmkOa4ywfg8C2n8h+13Bey1Q=="
    },
    "xmlhttprequest": {
      "version": "1.8.0",
      "resolved": "https://registry.npmjs.org/xmlhttprequest/-/xmlhttprequest-1.8.0.tgz",
      "integrity": "sha1-Z/4HXFwk/vOfnWX197f+dRcZaPw="
    }
  }
}
